PODS:
  - CooeeSDK (1.1.0)

DEPENDENCIES:
  - CooeeSDK (from `https://github.com/suriForIOS/Cooee.git`)

EXTERNAL SOURCES:
  CooeeSDK:
    :git: https://github.com/suriForIOS/Cooee.git

CHECKOUT OPTIONS:
  CooeeSDK:
    :commit: 3b84895115e1aaa3c265020c90eb5e35b5f1a2b5
    :git: https://github.com/suriForIOS/Cooee.git

SPEC CHECKSUMS:
  CooeeSDK: b570e7a593fc3f54811f7d7be8671ac68b3ab17e

PODFILE CHECKSUM: 96b15240eac15ff0272a5b75615e550f9662baf9

COCOAPODS: 1.10.1
